
Microsoft Visual Studio Solution File, Format Version 12.00
# Visual Studio Version 17
VisualStudioVersion = 17.7.34221.43
MinimumVisualStudioVersion = 10.0.40219.1
Project("{FAE04EC0-301F-11D3-BF4B-00C04F79EFBC}") = "GridGame", "GridGame\GridGame.csproj", "{FE010EC6-325A-4725-B448-0298A14C8C06}"
EndProject
Global
	GlobalSection(SolutionConfigurationPlatforms) = preSolution
		Debug|Any CPU = Debug|Any CPU
		Release|Any CPU = Release|Any CPU
	EndGlobalSection
	GlobalSection(ProjectConfigurationPlatforms) = postSolution
		{FE010EC6-325A-4725-B448-0298A14C8C06}.Debug|Any CPU.ActiveCfg = Debug|Any CPU
		{FE010EC6-325A-4725-B448-0298A14C8C06}.Debug|Any CPU.Build.0 = Debug|Any CPU
		{FE010EC6-325A-4725-B448-0298A14C8C06}.Debug|Any CPU.Deploy.0 = Debug|Any CPU
		{FE010EC6-325A-4725-B448-0298A14C8C06}.Release|Any CPU.ActiveCfg = Release|Any CPU
		{FE010EC6-325A-4725-B448-0298A14C8C06}.Release|Any CPU.Build.0 = Release|Any CPU
		{FE010EC6-325A-4725-B448-0298A14C8C06}.Release|Any CPU.Deploy.0 = Release|Any CPU
	EndGlobalSection
	GlobalSection(SolutionProperties) = preSolution
		HideSolutionNode = FALSE
	EndGlobalSection
	GlobalSection(ExtensibilityGlobals) = postSolution
		SolutionGuid = {BCC49BC6-C97A-4BA5-93ED-ACD7D27150F3}
	EndGlobalSection
EndGlobal
